
Microsoft Visual Studio Solution File, Format Version 12.00
# Visual Studio Version 16
VisualStudioVersion = 16.0.29230.47
MinimumVisualStudioVersion = 10.0.40219.1
Project("{9A19103F-16F7-4668-BE54-9A1E7A4F7556}") = "Pecan", "Pecan\Pecan.csproj", "{DAA0DDF3-9B3F-46E5-BF50-96C21DA063F1}"
EndProject
Project("{9A19103F-16F7-4668-BE54-9A1E7A4F7556}") = "PecanTest", "PecanTest\PecanTest.csproj", "{8882F99F-1D36-4131-BFF6-4BDBA0C46C31}"
EndProject
Global
	GlobalSection(SolutionConfigurationPlatforms) = preSolution
		Debug|Any CPU = Debug|Any CPU
		Release|Any CPU = Release|Any CPU
	EndGlobalSection
	GlobalSection(ProjectConfigurationPlatforms) = postSolution
		{DAA0DDF3-9B3F-46E5-BF50-96C21DA063F1}.Debug|Any CPU.ActiveCfg = Debug|Any CPU
		{DAA0DDF3-9B3F-46E5-BF50-96C21DA063F1}.Debug|Any CPU.Build.0 = Debug|Any CPU
		{DAA0DDF3-9B3F-46E5-BF50-96C21DA063F1}.Release|Any CPU.ActiveCfg = Release|Any CPU
		{DAA0DDF3-9B3F-46E5-BF50-96C21DA063F1}.Release|Any CPU.Build.0 = Release|Any CPU
		{8882F99F-1D36-4131-BFF6-4BDBA0C46C31}.Debug|Any CPU.ActiveCfg = Debug|Any CPU
		{8882F99F-1D36-4131-BFF6-4BDBA0C46C31}.Debug|Any CPU.Build.0 = Debug|Any CPU
		{8882F99F-1D36-4131-BFF6-4BDBA0C46C31}.Release|Any CPU.ActiveCfg = Release|Any CPU
		{8882F99F-1D36-4131-BFF6-4BDBA0C46C31}.Release|Any CPU.Build.0 = Release|Any CPU
	EndGlobalSection
	GlobalSection(SolutionProperties) = preSolution
		HideSolutionNode = FALSE
	EndGlobalSection
	GlobalSection(ExtensibilityGlobals) = postSolution
		SolutionGuid = {884CA1EE-9D71-419B-99C3-7B830C822D54}
	EndGlobalSection
EndGlobal
